
Microsoft Visual Studio Solution File, Format Version 12.00
# Visual Studio 15
VisualStudioVersion = 15.0.28307.779
MinimumVisualStudioVersion = 10.0.40219.1
Project("{8BC9CEB8-8B4A-11D0-8D11-00A0C91BC942}") = "Digtal Chess", "Digtal Chess\Digtal Chess.vcxproj", "{A4EC97E9-0F8C-4EC3-A4B1-4DBD9EE5896B}"
EndProject
Global
	GlobalSection(SolutionConfigurationPlatforms) = preSolution
		Debug|x64 = Debug|x64
		Debug|x86 = Debug|x86
		Release|x64 = Release|x64
		Release|x86 = Release|x86
	EndGlobalSection
	GlobalSection(ProjectConfigurationPlatforms) = postSolution
		{A4EC97E9-0F8C-4EC3-A4B1-4DBD9EE5896B}.Debug|x64.ActiveCfg = Debug|x64
		{A4EC97E9-0F8C-4EC3-A4B1-4DBD9EE5896B}.Debug|x64.Build.0 = Debug|x64
		{A4EC97E9-0F8C-4EC3-A4B1-4DBD9EE5896B}.Debug|x86.ActiveCfg = Debug|Win32
		{A4EC97E9-0F8C-4EC3-A4B1-4DBD9EE5896B}.Debug|x86.Build.0 = Debug|Win32
		{A4EC97E9-0F8C-4EC3-A4B1-4DBD9EE5896B}.Release|x64.ActiveCfg = Release|x64
		{A4EC97E9-0F8C-4EC3-A4B1-4DBD9EE5896B}.Release|x64.Build.0 = Release|x64
		{A4EC97E9-0F8C-4EC3-A4B1-4DBD9EE5896B}.Release|x86.ActiveCfg = Release|Win32
		{A4EC97E9-0F8C-4EC3-A4B1-4DBD9EE5896B}.Release|x86.Build.0 = Release|Win32
	EndGlobalSection
	GlobalSection(SolutionProperties) = preSolution
		HideSolutionNode = FALSE
	EndGlobalSection
	GlobalSection(ExtensibilityGlobals) = postSolution
		SolutionGuid = {135E6CA3-0538-47EE-861D-C1D49DF6C35C}
	EndGlobalSection
EndGlobal
